// !$*UTF8*$!
{
	archiveVersion = 1;
	classes = {
	};
	objectVersion = 77;
	objects = {

/* Begin PBXContainerItemProxy section */
		D995C7652EA03C0000D51F75 /* PBXContainerItemProxy */ = {
			isa = PBXContainerItemProxy;
			containerPortal = D995C74F2EA03BFF00D51F75 /* Project object */;
			proxyType = 1;
			remoteGlobalIDString = D995C7562EA03BFF00D51F75;
			remoteInfo = wetrebbit;
		};
		D995C76F2EA03C0000D51F75 /* PBXContainerItemProxy */ = {
			isa = PBXContainerItemProxy;
			containerPortal = D995C74F2EA03BFF00D51F75 /* Project object */;
			proxyType = 1;
			remoteGlobalIDString = D995C7562EA03BFF00D51F75;
			remoteInfo = wetrebbit;
		};
/* End PBXContainerItemProxy section */

/* Begin PBXFileReference section */
		D995C7572EA03BFF00D51F75 /* wetrebbit.app */ = {isa = PBXFileReference; explicitFileType = wrapper.application; includeInIndex = 0; path = wetrebbit.app; sourceTree = BUILT_PRODUCTS_DIR; };
		D995C7642EA03C0000D51F75 /* wetrebbitTests.xctest */ = {isa = PBXFileReference; explicitFileType = wrapper.cfbundle; includeInIndex = 0; path = wetrebbitTests.xctest; sourceTree = BUILT_PRODUCTS_DIR; };
		D995C76E2EA03C0000D51F75 /* wetrebbitUITests.xctest */ = {isa = PBXFileReference; explicitFileType = wrapper.cfbundle; includeInIndex = 0; path = wetrebbitUITests.xctest; sourceTree = BUILT_PRODUCTS_DIR; };
/* End PBXFileReference section */

/* Begin PBXFileSystemSynchronizedRootGroup section */
		D995C7592EA03BFF00D51F75 /* wetrebbit */ = {
			isa = PBXFileSystemSynchronizedRootGroup;
			path = wetrebbit;
			sourceTree = "<group>";
		};
		D995C7672EA03C0000D51F75 /* wetrebbitTests */ = {
			isa = PBXFileSystemSynchronizedRootGroup;
			path = wetrebbitTests;
			sourceTree = "<group>";
		};
		D995C7712EA03C0000D51F75 /* wetrebbitUITests */ = {
			isa = PBXFileSystemSynchronizedRootGroup;
			path = wetrebbitUITests;
			sourceTree = "<group>";
		};
/* End PBXFileSystemSynchronizedRootGroup section */

/* Begin PBXFrameworksBuildPhase section */
		D995C7542EA03BFF00D51F75 /* Frameworks */ = {
			isa = PBXFrameworksBuildPhase;
			buildActionMask = 2147483647;
			files = (
			);
			runOnlyForDeploymentPostprocessing = 0;
		};
		D995C7612EA03C0000D51F75 /* Frameworks */ = {
			isa = PBXFrameworksBuildPhase;
			buildActionMask = 2147483647;
			files = (
			);
			runOnlyForDeploymentPostprocessing = 0;
		};
		D995C76B2EA03C0000D51F75 /* Frameworks */ = {
			isa = PBXFrameworksBuildPhase;
			buildActionMask = 2147483647;
			files = (
			);
			runOnlyForDeploymentPostprocessing = 0;
		};
/* End PBXFrameworksBuildPhase section */

/* Begin PBXGroup section */
		D995C74E2EA03BFF00D51F75 = {
			isa = PBXGroup;
			children = (
				D995C7592EA03BFF00D51F75 /* wetrebbit */,
				D995C7672EA03C0000D51F75 /* wetrebbitTests */,
				D995C7712EA03C0000D51F75 /* wetrebbitUITests */,
				D995C7582EA03BFF00D51F75 /* Products */,
			);
			sourceTree = "<group>";
		};
		D995C7582EA03BFF00D51F75 /* Products */ = {
			isa = PBXGroup;
			children = (
				D995C7572EA03BFF00D51F75 /* wetrebbit.app */,
				D995C7642EA03C0000D51F75 /* wetrebbitTests.xctest */,
				D995C76E2EA03C0000D51F75 /* wetrebbitUITests.xctest */,
			);
			name = Products;
			sourceTree = "<group>";
		};
/* End PBXGroup section */

/* Begin PBXNativeTarget section */
		D995C7562EA03BFF00D51F75 /* wetrebbit */ = {
			isa = PBXNativeTarget;
			buildConfigurationList = D995C7782EA03C0000D51F75 /* Build configuration list for PBXNativeTarget "wetrebbit" */;
			buildPhases = (
				D995C7532EA03BFF00D51F75 /* Sources */,
				D995C7542EA03BFF00D51F75 /* Frameworks */,
				D995C7552EA03BFF00D51F75 /* Resources */,
			);
			buildRules = (
			);
			dependencies = (
			);
			fileSystemSynchronizedGroups = (
				D995C7592EA03BFF00D51F75 /* wetrebbit */,
			);
			name = wetrebbit;
			packageProductDependencies = (
			);
			productName = wetrebbit;
			productReference = D995C7572EA03BFF00D51F75 /* wetrebbit.app */;
			productType = "com.apple.product-type.application";
		};
		D995C7632EA03C0000D51F75 /* wetrebbitTests */ = {
			isa = PBXNativeTarget;
			buildConfigurationList = D995C77B2EA03C0000D51F75 /* Build configuration list for PBXNativeTarget "wetrebbitTests" */;
			buildPhases = (
				D995C7602EA03C0000D51F75 /* Sources */,
				D995C7612EA03C0000D51F75 /* Frameworks */,
				D995C7622EA03C0000D51F75 /* Resources */,
			);
			buildRules = (
			);
			dependencies = (
				D995C7662EA03C0000D51F75 /* PBXTargetDependency */,
			);
			fileSystemSynchronizedGroups = (
				D995C7672EA03C0000D51F75 /* wetrebbitTests */,
			);
			name = wetrebbitTests;
			packageProductDependencies = (
			);
			productName = wetrebbitTests;
			productReference = D995C7642EA03C0000D51F75 /* wetrebbitTests.xctest */;
			productType = "com.apple.product-type.bundle.unit-test";
		};
		D995C76D2EA03C0000D51F75 /* wetrebbitUITests */ = {
			isa = PBXNativeTarget;
			buildConfigurationList = D995C77E2EA03C0000D51F75 /* Build configuration list for PBXNativeTarget "wetrebbitUITests" */;
			buildPhases = (
				D995C76A2EA03C0000D51F75 /* Sources */,
				D995C76B2EA03C0000D51F75 /* Frameworks */,
				D995C76C2EA03C0000D51F75 /* Resources */,
			);
			buildRules = (
			);
			dependencies = (
				D995C7702EA03C0000D51F75 /* PBXTargetDependency */,
			);
			fileSystemSynchronizedGroups = (
				D995C7712EA03C0000D51F75 /* wetrebbitUITests */,
			);
			name = wetrebbitUITests;
			packageProductDependencies = (
			);
			productName = wetrebbitUITests;
			productReference = D995C76E2EA03C0000D51F75 /* wetrebbitUITests.xctest */;
			productType = "com.apple.product-type.bundle.ui-testing";
		};
/* End PBXNativeTarget section */

/* Begin PBXProject section */
		D995C74F2EA03BFF00D51F75 /* Project object */ = {
			isa = PBXProject;
			attributes = {
				BuildIndependentTargetsInParallel = 1;
				LastSwiftUpdateCheck = 2600;
				LastUpgradeCheck = 2600;
				TargetAttributes = {
					D995C7562EA03BFF00D51F75 = {
						CreatedOnToolsVersion = 26.0.1;
					};
					D995C7632EA03C0000D51F75 = {
						CreatedOnToolsVersion = 26.0.1;
						TestTargetID = D995C7562EA03BFF00D51F75;
					};
					D995C76D2EA03C0000D51F75 = {
						CreatedOnToolsVersion = 26.0.1;
						TestTargetID = D995C7562EA03BFF00D51F75;
					};
				};
			};
			buildConfigurationList = D995C7522EA03BFF00D51F75 /* Build configuration list for PBXProject "wetrebbit" */;
			developmentRegion = en;
			hasScannedForEncodings = 0;
			knownRegions = (
				en,
				Base,
			);
			mainGroup = D995C74E2EA03BFF00D51F75;
			minimizedProjectReferenceProxies = 1;
			preferredProjectObjectVersion = 77;
			productRefGroup = D995C7582EA03BFF00D51F75 /* Products */;
			projectDirPath = "";
			projectRoot = "";
			targets = (
				D995C7562EA03BFF00D51F75 /* wetrebbit */,
				D995C7632EA03C0000D51F75 /* wetrebbitTests */,
				D995C76D2EA03C0000D51F75 /* wetrebbitUITests */,
			);
		};
/* End PBXProject section */

/* Begin PBXResourcesBuildPhase section */
		D995C7552EA03BFF00D51F75 /* Resources */ = {
			isa = PBXResourcesBuildPhase;
			buildActionMask = 2147483647;
			files = (
			);
			runOnlyForDeploymentPostprocessing = 0;
		};
		D995C7622EA03C0000D51F75 /* Resources */ = {
			isa = PBXResourcesBuildPhase;
			buildActionMask = 2147483647;
			files = (
			);
			runOnlyForDeploymentPostprocessing = 0;
		};
		D995C76C2EA03C0000D51F75 /* Resources */ = {
			isa = PBXResourcesBuildPhase;
			buildActionMask = 2147483647;
			files = (
			);
			runOnlyForDeploymentPostprocessing = 0;
		};
/* End PBXResourcesBuildPhase section */

/* Begin PBXSourcesBuildPhase section */
		D995C7532EA03BFF00D51F75 /* Sources */ = {
			isa = PBXSourcesBuildPhase;
			buildActionMask = 2147483647;
			files = (
			);
			runOnlyForDeploymentPostprocessing = 0;
		};
		D995C7602EA03C0000D51F75 /* Sources */ = {
			isa = PBXSourcesBuildPhase;
			buildActionMask = 2147483647;
			files = (
			);
			runOnlyForDeploymentPostprocessing = 0;
		};
		D995C76A2EA03C0000D51F75 /* Sources */ = {
			isa = PBXSourcesBuildPhase;
			buildActionMask = 2147483647;
			files = (
			);
			runOnlyForDeploymentPostprocessing = 0;
		};
/* End PBXSourcesBuildPhase section */

/* Begin PBXTargetDependency section */
		D995C7662EA03C0000D51F75 /* PBXTargetDependency */ = {
			isa = PBXTargetDependency;
			target = D995C7562EA03BFF00D51F75 /* wetrebbit */;
			targetProxy = D995C7652EA03C0000D51F75 /* PBXContainerItemProxy */;
		};
		D995C7702EA03C0000D51F75 /* PBXTargetDependency */ = {
			isa = PBXTargetDependency;
			target = D995C7562EA03BFF00D51F75 /* wetrebbit */;
			targetProxy = D995C76F2EA03C0000D51F75 /* PBXContainerItemProxy */;
		};
/* End PBXTargetDependency section */

/* Begin XCBuildConfiguration section */
		D995C7762EA03C0000D51F75 /* Debug */ = {
			isa = XCBuildConfiguration;
			buildSettings = {
				ALWAYS_SEARCH_USER_PATHS = NO;
				ASSETCATALOG_COMPILER_GENERATE_SWIFT_ASSET_SYMBOL_EXTENSIONS = YES;
				CLANG_ANALYZER_NONNULL = YES;
				CLANG_ANALYZER_NUMBER_OBJECT_CONVERSION = YES_AGGRESSIVE;
				CLANG_CXX_LANGUAGE_STANDARD = "gnu++20";
				CLANG_ENABLE_MODULES = YES;
				CLANG_ENABLE_OBJC_ARC = YES;
				CLANG_ENABLE_OBJC_WEAK = YES;
				CLANG_WARN_BLOCK_CAPTURE_AUTORELEASING = YES;
				CLANG_WARN_BOOL_CONVERSION = YES;
				CLANG_WARN_COMMA = YES;
				CLANG_WARN_CONSTANT_CONVERSION = YES;
				CLANG_WARN_DEPRECATED_OBJC_IMPLEMENTATIONS = YES;
				CLANG_WARN_DIRECT_OBJC_ISA_USAGE = YES_ERROR;
				CLANG_WARN_DOCUMENTATION_COMMENTS = YES;
				CLANG_WARN_EMPTY_BODY = YES;
				CLANG_WARN_ENUM_CONVERSION = YES;
				CLANG_WARN_INFINITE_RECURSION = YES;
				CLANG_WARN_INT_CONVERSION = YES;
				CLANG_WARN_NON_LITERAL_NULL_CONVERSION = YES;
				CLANG_WARN_OBJC_IMPLICIT_RETAIN_SELF = YES;
				CLANG_WARN_OBJC_LITERAL_CONVERSION = YES;
				CLANG_WARN_OBJC_ROOT_CLASS = YES_ERROR;
				CLANG_WARN_QUOTED_INCLUDE_IN_FRAMEWORK_HEADER = YES;
				CLANG_WARN_RANGE_LOOP_ANALYSIS = YES;
				CLANG_WARN_STRICT_PROTOTYPES = YES;
				CLANG_WARN_SUSPICIOUS_MOVE = YES;
				CLANG_WARN_UNGUARDED_AVAILABILITY = YES_AGGRESSIVE;
				CLANG_WARN_UNREACHABLE_CODE = YES;
				CLANG_WARN__DUPLICATE_METHOD_MATCH = YES;
				COPY_PHASE_STRIP = NO;
				DEBUG_INFORMATION_FORMAT = dwarf;
				ENABLE_STRICT_OBJC_MSGSEND = YES;
				ENABLE_TESTABILITY = YES;
				ENABLE_USER_SCRIPT_SANDBOXING = YES;
				GCC_C_LANGUAGE_STANDARD = gnu17;
				GCC_DYNAMIC_NO_PIC = NO;
				GCC_NO_COMMON_BLOCKS = YES;
				GCC_OPTIMIZATION_LEVEL = 0;
				GCC_PREPROCESSOR_DEFINITIONS = (
					"DEBUG=1",
					"$(inherited)",
				);
				GCC_WARN_64_TO_32_BIT_CONVERSION = YES;
				GCC_WARN_ABOUT_RETURN_TYPE = YES_ERROR;
				GCC_WARN_UNDECLARED_SELECTOR = YES;
				GCC_WARN_UNINITIALIZED_AUTOS = YES_AGGRESSIVE;
				GCC_WARN_UNUSED_FUNCTION = YES;
				GCC_WARN_UNUSED_VARIABLE = YES;
				LOCALIZATION_PREFERS_STRING_CATALOGS = YES;
				MACOSX_DEPLOYMENT_TARGET = 15.7;
				MTL_ENABLE_DEBUG_INFO = INCLUDE_SOURCE;
				MTL_FAST_MATH = YES;
				ONLY_ACTIVE_ARCH = YES;
				SDKROOT = macosx;
				SWIFT_ACTIVE_COMPILATION_CONDITIONS = "DEBUG $(inherited)";
				SWIFT_OPTIMIZATION_LEVEL = "-Onone";
			};
			name = Debug;
		};
		D995C7772EA03C0000D51F75 /* Release */ = {
			isa = XCBuildConfiguration;
			buildSettings = {
				ALWAYS_SEARCH_USER_PATHS = NO;
				ASSETCATALOG_COMPILER_GENERATE_SWIFT_ASSET_SYMBOL_EXTENSIONS = YES;
				CLANG_ANALYZER_NONNULL = YES;
				CLANG_ANALYZER_NUMBER_OBJECT_CONVERSION = YES_AGGRESSIVE;
				CLANG_CXX_LANGUAGE_STANDARD = "gnu++20";
				CLANG_ENABLE_MODULES = YES;
				CLANG_ENABLE_OBJC_ARC = YES;
				CLANG_ENABLE_OBJC_WEAK = YES;
				CLANG_WARN_BLOCK_CAPTURE_AUTORELEASING = YES;
				CLANG_WARN_BOOL_CONVERSION = YES;
				CLANG_WARN_COMMA = YES;
				CLANG_WARN_CONSTANT_CONVERSION = YES;
				CLANG_WARN_DEPRECATED_OBJC_IMPLEMENTATIONS = YES;
				CLANG_WARN_DIRECT_OBJC_ISA_USAGE = YES_ERROR;
				CLANG_WARN_DOCUMENTATION_COMMENTS = YES;
				CLANG_WARN_EMPTY_BODY = YES;
				CLANG_WARN_ENUM_CONVERSION = YES;
				CLANG_WARN_INFINITE_RECURSION = YES;
				CLANG_WARN_INT_CONVERSION = YES;
				CLANG_WARN_NON_LITERAL_NULL_CONVERSION = YES;
				CLANG_WARN_OBJC_IMPLICIT_RETAIN_SELF = YES;
				CLANG_WARN_OBJC_LITERAL_CONVERSION = YES;
				CLANG_WARN_OBJC_ROOT_CLASS = YES_ERROR;
				CLANG_WARN_QUOTED_INCLUDE_IN_FRAMEWORK_HEADER = YES;
				CLANG_WARN_RANGE_LOOP_ANALYSIS = YES;
				CLANG_WARN_STRICT_PROTOTYPES = YES;
				CLANG_WARN_SUSPICIOUS_MOVE = YES;
				CLANG_WARN_UNGUARDED_AVAILABILITY = YES_AGGRESSIVE;
				CLANG_WARN_UNREACHABLE_CODE = YES;
				CLANG_WARN__DUPLICATE_METHOD_MATCH = YES;
				COPY_PHASE_STRIP = NO;
				DEBUG_INFORMATION_FORMAT = "dwarf-with-dsym";
				ENABLE_NS_ASSERTIONS = NO;
				ENABLE_STRICT_OBJC_MSGSEND = YES;
				ENABLE_USER_SCRIPT_SANDBOXING = YES;
				GCC_C_LANGUAGE_STANDARD = gnu17;
				GCC_NO_COMMON_BLOCKS = YES;
				GCC_WARN_64_TO_32_BIT_CONVERSION = YES;
				GCC_WARN_ABOUT_RETURN_TYPE = YES_ERROR;
				GCC_WARN_UNDECLARED_SELECTOR = YES;
				GCC_WARN_UNINITIALIZED_AUTOS = YES_AGGRESSIVE;
				GCC_WARN_UNUSED_FUNCTION = YES;
				GCC_WARN_UNUSED_VARIABLE = YES;
				LOCALIZATION_PREFERS_STRING_CATALOGS = YES;
				MACOSX_DEPLOYMENT_TARGET = 15.7;
				MTL_ENABLE_DEBUG_INFO = NO;
				MTL_FAST_MATH = YES;
				SDKROOT = macosx;
				SWIFT_COMPILATION_MODE = wholemodule;
			};
			name = Release;
		};
		D995C7792EA03C0000D51F75 /* Debug */ = {
			isa = XCBuildConfiguration;
			buildSettings = {
				ASSETCATALOG_COMPILER_APPICON_NAME = AppIcon;
				ASSETCATALOG_COMPILER_GLOBAL_ACCENT_COLOR_NAME = AccentColor;
				CODE_SIGN_STYLE = Automatic;
				COMBINE_HIDPI_IMAGES = YES;
				CURRENT_PROJECT_VERSION = 1;
				ENABLE_APP_SANDBOX = YES;
				ENABLE_PREVIEWS = YES;
				ENABLE_USER_SELECTED_FILES = readonly;
				GENERATE_INFOPLIST_FILE = YES;
				INFOPLIST_KEY_NSHumanReadableCopyright = "";
				LD_RUNPATH_SEARCH_PATHS = (
					"$(inherited)",
					"@executable_path/../Frameworks",
				);
				MARKETING_VERSION = 1.0;
				PRODUCT_BUNDLE_IDENTIFIER = graphite.wetrebbit;
				PRODUCT_NAME = "$(TARGET_NAME)";
				REGISTER_APP_GROUPS = YES;
				STRING_CATALOG_GENERATE_SYMBOLS = YES;
				SWIFT_APPROACHABLE_CONCURRENCY = YES;
				SWIFT_DEFAULT_ACTOR_ISOLATION = MainActor;
				SWIFT_EMIT_LOC_STRINGS = YES;
				SWIFT_UPCOMING_FEATURE_MEMBER_IMPORT_VISIBILITY = YES;
				SWIFT_VERSION = 5.0;
			};
			name = Debug;
		};
		D995C77A2EA03C0000D51F75 /* Release */ = {
			isa = XCBuildConfiguration;
			buildSettings = {
				ASSETCATALOG_COMPILER_APPICON_NAME = AppIcon;
				ASSETCATALOG_COMPILER_GLOBAL_ACCENT_COLOR_NAME = AccentColor;
				CODE_SIGN_STYLE = Automatic;
				COMBINE_HIDPI_IMAGES = YES;
				CURRENT_PROJECT_VERSION = 1;
				ENABLE_APP_SANDBOX = YES;
				ENABLE_PREVIEWS = YES;
				ENABLE_USER_SELECTED_FILES = readonly;
				GENERATE_INFOPLIST_FILE = YES;
				INFOPLIST_KEY_NSHumanReadableCopyright = "";
				LD_RUNPATH_SEARCH_PATHS = (
					"$(inherited)",
					"@executable_path/../Frameworks",
				);
				MARKETING_VERSION = 1.0;
				PRODUCT_BUNDLE_IDENTIFIER = graphite.wetrebbit;
				PRODUCT_NAME = "$(TARGET_NAME)";
				REGISTER_APP_GROUPS = YES;
				STRING_CATALOG_GENERATE_SYMBOLS = YES;
				SWIFT_APPROACHABLE_CONCURRENCY = YES;
				SWIFT_DEFAULT_ACTOR_ISOLATION = MainActor;
				SWIFT_EMIT_LOC_STRINGS = YES;
				SWIFT_UPCOMING_FEATURE_MEMBER_IMPORT_VISIBILITY = YES;
				SWIFT_VERSION = 5.0;
			};
			name = Release;
		};
		D995C77C2EA03C0000D51F75 /* Debug */ = {
			isa = XCBuildConfiguration;
			buildSettings = {
				BUNDLE_LOADER = "$(TEST_HOST)";
				CODE_SIGN_STYLE = Automatic;
				CURRENT_PROJECT_VERSION = 1;
				GENERATE_INFOPLIST_FILE = YES;
				MACOSX_DEPLOYMENT_TARGET = 15.7;
				MARKETING_VERSION = 1.0;
				PRODUCT_BUNDLE_IDENTIFIER = graphite.wetrebbitTests;
				PRODUCT_NAME = "$(TARGET_NAME)";
				STRING_CATALOG_GENERATE_SYMBOLS = NO;
				SWIFT_APPROACHABLE_CONCURRENCY = YES;
				SWIFT_EMIT_LOC_STRINGS = NO;
				SWIFT_UPCOMING_FEATURE_MEMBER_IMPORT_VISIBILITY = YES;
				SWIFT_VERSION = 5.0;
				TEST_HOST = "$(BUILT_PRODUCTS_DIR)/wetrebbit.app/$(BUNDLE_EXECUTABLE_FOLDER_PATH)/wetrebbit";
			};
			name = Debug;
		};
		D995C77D2EA03C0000D51F75 /* Release */ = {
			isa = XCBuildConfiguration;
			buildSettings = {
				BUNDLE_LOADER = "$(TEST_HOST)";
				CODE_SIGN_STYLE = Automatic;
				CURRENT_PROJECT_VERSION = 1;
				GENERATE_INFOPLIST_FILE = YES;
				MACOSX_DEPLOYMENT_TARGET = 15.7;
				MARKETING_VERSION = 1.0;
				PRODUCT_BUNDLE_IDENTIFIER = graphite.wetrebbitTests;
				PRODUCT_NAME = "$(TARGET_NAME)";
				STRING_CATALOG_GENERATE_SYMBOLS = NO;
				SWIFT_APPROACHABLE_CONCURRENCY = YES;
				SWIFT_EMIT_LOC_STRINGS = NO;
				SWIFT_UPCOMING_FEATURE_MEMBER_IMPORT_VISIBILITY = YES;
				SWIFT_VERSION = 5.0;
				TEST_HOST = "$(BUILT_PRODUCTS_DIR)/wetrebbit.app/$(BUNDLE_EXECUTABLE_FOLDER_PATH)/wetrebbit";
			};
			name = Release;
		};
		D995C77F2EA03C0000D51F75 /* Debug */ = {
			isa = XCBuildConfiguration;
			buildSettings = {
				CODE_SIGN_STYLE = Automatic;
				CURRENT_PROJECT_VERSION = 1;
				GENERATE_INFOPLIST_FILE = YES;
				MARKETING_VERSION = 1.0;
				PRODUCT_BUNDLE_IDENTIFIER = graphite.wetrebbitUITests;
				PRODUCT_NAME = "$(TARGET_NAME)";
				STRING_CATALOG_GENERATE_SYMBOLS = NO;
				SWIFT_APPROACHABLE_CONCURRENCY = YES;
				SWIFT_EMIT_LOC_STRINGS = NO;
				SWIFT_UPCOMING_FEATURE_MEMBER_IMPORT_VISIBILITY = YES;
				SWIFT_VERSION = 5.0;
				TEST_TARGET_NAME = wetrebbit;
			};
			name = Debug;
		};
		D995C7802EA03C0000D51F75 /* Release */ = {
			isa = XCBuildConfiguration;
			buildSettings = {
				CODE_SIGN_STYLE = Automatic;
				CURRENT_PROJECT_VERSION = 1;
				GENERATE_INFOPLIST_FILE = YES;
				MARKETING_VERSION = 1.0;
				PRODUCT_BUNDLE_IDENTIFIER = graphite.wetrebbitUITests;
				PRODUCT_NAME = "$(TARGET_NAME)";
				STRING_CATALOG_GENERATE_SYMBOLS = NO;
				SWIFT_APPROACHABLE_CONCURRENCY = YES;
				SWIFT_EMIT_LOC_STRINGS = NO;
				SWIFT_UPCOMING_FEATURE_MEMBER_IMPORT_VISIBILITY = YES;
				SWIFT_VERSION = 5.0;
				TEST_TARGET_NAME = wetrebbit;
			};
			name = Release;
		};
/* End XCBuildConfiguration section */

/* Begin XCConfigurationList section */
		D995C7522EA03BFF00D51F75 /* Build configuration list for PBXProject "wetrebbit" */ = {
			isa = XCConfigurationList;
			buildConfigurations = (
				D995C7762EA03C0000D51F75 /* Debug */,
				D995C7772EA03C0000D51F75 /* Release */,
			);
			defaultConfigurationIsVisible = 0;
			defaultConfigurationName = Release;
		};
		D995C7782EA03C0000D51F75 /* Build configuration list for PBXNativeTarget "wetrebbit" */ = {
			isa = XCConfigurationList;
			buildConfigurations = (
				D995C7792EA03C0000D51F75 /* Debug */,
				D995C77A2EA03C0000D51F75 /* Release */,
			);
			defaultConfigurationIsVisible = 0;
			defaultConfigurationName = Release;
		};
		D995C77B2EA03C0000D51F75 /* Build configuration list for PBXNativeTarget "wetrebbitTests" */ = {
			isa = XCConfigurationList;
			buildConfigurations = (
				D995C77C2EA03C0000D51F75 /* Debug */,
				D995C77D2EA03C0000D51F75 /* Release */,
			);
			defaultConfigurationIsVisible = 0;
			defaultConfigurationName = Release;
		};
		D995C77E2EA03C0000D51F75 /* Build configuration list for PBXNativeTarget "wetrebbitUITests" */ = {
			isa = XCConfigurationList;
			buildConfigurations = (
				D995C77F2EA03C0000D51F75 /* Debug */,
				D995C7802EA03C0000D51F75 /* Release */,
			);
			defaultConfigurationIsVisible = 0;
			defaultConfigurationName = Release;
		};
/* End XCConfigurationList section */
	};
	rootObject = D995C74F2EA03BFF00D51F75 /* Project object */;
}
